
Microsoft Visual Studio Solution File, Format Version 12.00
# Visual Studio 15
VisualStudioVersion = 15.0.27428.2037
MinimumVisualStudioVersion = 10.0.40219.1
Project("{9A19103F-16F7-4668-BE54-9A1E7A4F7556}") = "Calpion.Artemis.Web", "WebApplication1\Calpion.Artemis.Web.csproj", "{4B310889-5C08-4D5E-B7F3-E3645211BAAE}"
EndProject
Project("{9A19103F-16F7-4668-BE54-9A1E7A4F7556}") = "Calpion.Artemis.DataAccess", "Calpion.Artemis.DataAccess\Calpion.Artemis.DataAccess.csproj", "{3999B8B5-CA85-408A-BEB1-F016B1E9B8E2}"
EndProject
Project("{9A19103F-16F7-4668-BE54-9A1E7A4F7556}") = "Calpion.Artemis.Business", "Calpion.Artemis.Business\Calpion.Artemis.Business.csproj", "{103060AB-2AD6-4655-9D75-AFC9779D96EF}"
EndProject
Project("{9A19103F-16F7-4668-BE54-9A1E7A4F7556}") = "Calpion.Artemis.Models", "Calpion.Artemis.Model\Calpion.Artemis.Models.csproj", "{082B00F5-7E48-4F95-9498-65BD3B475FEC}"
EndProject
Project("{FAE04EC0-301F-11D3-BF4B-00C04F79EFBC}") = "Calpion.Artemis.Api", "Calpion.Artemis.Api\Calpion.Artemis.Api.csproj", "{220DD5F6-78D7-41AD-906B-AF169CC4878A}"
EndProject
Global
	GlobalSection(SolutionConfigurationPlatforms) = preSolution
		Debug|Any CPU = Debug|Any CPU
		Release|Any CPU = Release|Any CPU
	EndGlobalSection
	GlobalSection(ProjectConfigurationPlatforms) = postSolution
		{4B310889-5C08-4D5E-B7F3-E3645211BAAE}.Debug|Any CPU.ActiveCfg = Debug|Any CPU
		{4B310889-5C08-4D5E-B7F3-E3645211BAAE}.Debug|Any CPU.Build.0 = Debug|Any CPU
		{4B310889-5C08-4D5E-B7F3-E3645211BAAE}.Release|Any CPU.ActiveCfg = Release|Any CPU
		{4B310889-5C08-4D5E-B7F3-E3645211BAAE}.Release|Any CPU.Build.0 = Release|Any CPU
		{3999B8B5-CA85-408A-BEB1-F016B1E9B8E2}.Debug|Any CPU.ActiveCfg = Debug|Any CPU
		{3999B8B5-CA85-408A-BEB1-F016B1E9B8E2}.Debug|Any CPU.Build.0 = Debug|Any CPU
		{3999B8B5-CA85-408A-BEB1-F016B1E9B8E2}.Release|Any CPU.ActiveCfg = Release|Any CPU
		{3999B8B5-CA85-408A-BEB1-F016B1E9B8E2}.Release|Any CPU.Build.0 = Release|Any CPU
		{103060AB-2AD6-4655-9D75-AFC9779D96EF}.Debug|Any CPU.ActiveCfg = Debug|Any CPU
		{103060AB-2AD6-4655-9D75-AFC9779D96EF}.Debug|Any CPU.Build.0 = Debug|Any CPU
		{103060AB-2AD6-4655-9D75-AFC9779D96EF}.Release|Any CPU.ActiveCfg = Release|Any CPU
		{103060AB-2AD6-4655-9D75-AFC9779D96EF}.Release|Any CPU.Build.0 = Release|Any CPU
		{082B00F5-7E48-4F95-9498-65BD3B475FEC}.Debug|Any CPU.ActiveCfg = Debug|Any CPU
		{082B00F5-7E48-4F95-9498-65BD3B475FEC}.Debug|Any CPU.Build.0 = Debug|Any CPU
		{082B00F5-7E48-4F95-9498-65BD3B475FEC}.Release|Any CPU.ActiveCfg = Release|Any CPU
		{082B00F5-7E48-4F95-9498-65BD3B475FEC}.Release|Any CPU.Build.0 = Release|Any CPU
		{220DD5F6-78D7-41AD-906B-AF169CC4878A}.Debug|Any CPU.ActiveCfg = Debug|Any CPU
		{220DD5F6-78D7-41AD-906B-AF169CC4878A}.Debug|Any CPU.Build.0 = Debug|Any CPU
		{220DD5F6-78D7-41AD-906B-AF169CC4878A}.Release|Any CPU.ActiveCfg = Release|Any CPU
		{220DD5F6-78D7-41AD-906B-AF169CC4878A}.Release|Any CPU.Build.0 = Release|Any CPU
	EndGlobalSection
	GlobalSection(SolutionProperties) = preSolution
		HideSolutionNode = FALSE
	EndGlobalSection
	GlobalSection(ExtensibilityGlobals) = postSolution
		SolutionGuid = {3B9C01FF-4771-40E2-9DB9-A5682AC8CF55}
	EndGlobalSection
EndGlobal
